# @generated - this file is auto-generated by `mise lock` https://mise.en.dev/dev-tools/mise-lock.html

[[tools.codex]]
version = "0.142.4"
backend = "aqua:openai/codex"

[tools.codex."platforms.linux-arm64"]
checksum = "sha256:95eec2b0445c4f51b399e54215dd90651bcb1a1f6411c10a9af83149df0e8f08"
url = "https://github.com/openai/codex/releases/download/rust-v0.142.4/codex-aarch64-unknown-linux-musl.zst"

[tools.codex."platforms.linux-x64"]
checksum = "sha256:0f9241afd52819eea56950ebd42fd731c4ea40ccd069cce6feeef7af05a52aa1"
url = "https://github.com/openai/codex/releases/download/rust-v0.142.4/codex-x86_64-unknown-linux-musl.zst"

[tools.codex."platforms.macos-arm64"]
checksum = "sha256:259b55d03565decff6196f0bc6df49b9b775d95d97249953cba312ddabb2c73f"
url = "https://github.com/openai/codex/releases/download/rust-v0.142.4/codex-aarch64-apple-darwin.zst"

[tools.codex."platforms.macos-x64"]
checksum = "sha256:e8619ef913278e870d8672bda97da184cb6753c454fa438ddeab0813c5debeed"
url = "https://github.com/openai/codex/releases/download/rust-v0.142.4/codex-x86_64-apple-darwin.zst"

[[tools.colima]]
version = "0.10.3"
backend = "aqua:abiosoft/colima"

[tools.colima."platforms.linux-arm64"]
checksum = "sha256:ebb69208007484ac36b8a6ba72a797189b0daa88f8b31bc2b563e82b9c91cb70"
url = "https://github.com/abiosoft/colima/releases/download/v0.10.3/colima-Linux-aarch64"

[tools.colima."platforms.linux-x64"]
checksum = "sha256:54ea35f4847815d0a1445dbc2bc3dd6469518a38a9e960449e96b044d248d00d"
url = "https://github.com/abiosoft/colima/releases/download/v0.10.3/colima-Linux-x86_64"

[tools.colima."platforms.macos-arm64"]
checksum = "sha256:980ad8bf61a4ca370243f4cb41401a61276dcd2c2502bee7b9b86f9250169f34"
url = "https://github.com/abiosoft/colima/releases/download/v0.10.3/colima-Darwin-arm64"

[tools.colima."platforms.macos-x64"]
checksum = "sha256:3082737fe8a98afda11cba7d9a20b6e56fe80c6153464beda04bec630758770b"
url = "https://github.com/abiosoft/colima/releases/download/v0.10.3/colima-Darwin-x86_64"

[[tools.gh]]
version = "2.95.0"
backend = "aqua:cli/cli"

[tools.gh."platforms.linux-arm64"]
checksum = "sha256:d41e0b3b6218e5741c8bb4db39b16e53a59e0e06299a8489bd38f623ef7ebaae"
url = "https://github.com/cli/cli/releases/download/v2.95.0/gh_2.95.0_linux_arm64.tar.gz"
provenance = "github-attestations"

[tools.gh."platforms.linux-x64"]
checksum = "sha256:25d1e4729e8808c9ed3d613e96ebd3f3e44446f2d368c89d878a71a36ddb3d8c"
url = "https://github.com/cli/cli/releases/download/v2.95.0/gh_2.95.0_linux_amd64.tar.gz"
provenance = "github-attestations"

[tools.gh."platforms.macos-arm64"]
checksum = "sha256:3677f9c27965825f9c7d50395473c134edaea4b484373ef6b25de653570a0489"
url = "https://github.com/cli/cli/releases/download/v2.95.0/gh_2.95.0_macOS_arm64.zip"
provenance = "github-attestations"

[tools.gh."platforms.macos-x64"]
checksum = "sha256:985707e9ac60c95ed51cddd808c338b481abe69fffa77e9d6547c3750045f77e"
url = "https://github.com/cli/cli/releases/download/v2.95.0/gh_2.95.0_macOS_amd64.zip"
provenance = "github-attestations"

[[tools.node]]
version = "24.18.0"
backend = "core:node"

[tools.node."platforms.linux-arm64"]
checksum = "sha256:6b4484c2190274175df9aa8f28e2d758a819cb1c1fe6ab481e2f95b463ab8508"
url = "https://nodejs.org/dist/v24.18.0/node-v24.18.0-linux-arm64.tar.gz"

[tools.node."platforms.linux-x64"]
checksum = "sha256:783130984963db7ba9cbd01089eaf2c2efb055c7c1693c943174b967b3050cb8"
url = "https://nodejs.org/dist/v24.18.0/node-v24.18.0-linux-x64.tar.gz"

[tools.node."platforms.macos-arm64"]
checksum = "sha256:e1a97e14c99c803e96c7339403282ea05a499c32f8d83defe9ef5ec66f979ed1"
url = "https://nodejs.org/dist/v24.18.0/node-v24.18.0-darwin-arm64.tar.gz"

[tools.node."platforms.macos-x64"]
checksum = "sha256:dfd0dbd3e721503434df7b7205e719f61b3a3a31b2bcf9729b8b91fea240f080"
url = "https://nodejs.org/dist/v24.18.0/node-v24.18.0-darwin-x64.tar.gz"

[[tools.pnpm]]
version = "11.9.0"
backend = "aqua:pnpm/pnpm"

[tools.pnpm."platforms.linux-arm64"]
checksum = "sha256:7981d0109fffdf8f15b838243240c8c9f9114dd4b7111d4227c1453522d75b61"
url = "https://github.com/pnpm/pnpm/releases/download/v11.9.0/pnpm-linux-arm64.tar.gz"
provenance = "github-attestations"

[tools.pnpm."platforms.linux-x64"]
checksum = "sha256:8d987d82585453bcf260ea5d0bae346d298f1a5e71bcde8d99976521408ad895"
url = "https://github.com/pnpm/pnpm/releases/download/v11.9.0/pnpm-linux-x64.tar.gz"
provenance = "github-attestations"

[tools.pnpm."platforms.macos-arm64"]
checksum = "sha256:ca6f98a8911ec975509464026205e2b54aed74cecd36c5ae9932e5997bd7de2a"
url = "https://github.com/pnpm/pnpm/releases/download/v11.9.0/pnpm-darwin-arm64.tar.gz"
provenance = "github-attestations"
